{
  "name": "koko-offer",
  "version": "1.0.0",
  "lockfileVersion": 1,
  "requires": true,
  "dependencies": {
    "wx-search-have-history": {
      "version": "0.0.2",
      "resolved": "https://registry.nlark.com/wx-search-have-history/download/wx-search-have-history-0.0.2.tgz",
      "integrity": "sha1-JQYNeeECOWPdQXN35DM5AcdIqic="
    }
  }
}
